
Microsoft Visual Studio Solution File, Format Version 12.00
# Visual Studio Version 16
VisualStudioVersion = 16.0.31410.357
MinimumVisualStudioVersion = 10.0.40219.1
Project("{FAE04EC0-301F-11D3-BF4B-00C04F79EFBC}") = "SMT", "SMT\SMT.csproj", "{908305D6-282D-4158-B74B-F7F550442FDA}"
EndProject
Global
	GlobalSection(SolutionConfigurationPlatforms) = preSolution
		Debug|Any CPU = Debug|Any CPU
		Release|Any CPU = Release|Any CPU
	EndGlobalSection
	GlobalSection(ProjectConfigurationPlatforms) = postSolution
		{908305D6-282D-4158-B74B-F7F550442FDA}.Debug|Any CPU.ActiveCfg = Debug|Any CPU
		{908305D6-282D-4158-B74B-F7F550442FDA}.Debug|Any CPU.Build.0 = Debug|Any CPU
		{908305D6-282D-4158-B74B-F7F550442FDA}.Release|Any CPU.ActiveCfg = Release|Any CPU
		{908305D6-282D-4158-B74B-F7F550442FDA}.Release|Any CPU.Build.0 = Release|Any CPU
	EndGlobalSection
	GlobalSection(SolutionProperties) = preSolution
		HideSolutionNode = FALSE
	EndGlobalSection
	GlobalSection(ExtensibilityGlobals) = postSolution
		SolutionGuid = {05571E60-D4BC-4BDE-85E3-E2988C5054B5}
	EndGlobalSection
EndGlobal
